
Microsoft Visual Studio Solution File, Format Version 12.00
# Visual Studio Version 17
VisualStudioVersion = 17.14.36414.22 d17.14
MinimumVisualStudioVersion = 10.0.40219.1
Project("{FAE04EC0-301F-11D3-BF4B-00C04F79EFBC}") = "Presentation.ProductApp", "Presentation.ProductApp\Presentation.ProductApp.csproj", "{EC203FD2-09EC-486B-9640-1A3883D53B4E}"
EndProject
Project("{FAE04EC0-301F-11D3-BF4B-00C04F79EFBC}") = "Infrastructure", "Infrastructure\Infrastructure.csproj", "{427FC06A-FE81-43D0-B4F9-550E1992D940}"
EndProject
Project("{FAE04EC0-301F-11D3-BF4B-00C04F79EFBC}") = "Test.Presentation", "Test.Presentation\Test.Presentation.csproj", "{263F89A0-B49C-473E-9F34-FA58DAAC5F20}"
EndProject
Global
	GlobalSection(SolutionConfigurationPlatforms) = preSolution
		Debug|Any CPU = Debug|Any CPU
		Release|Any CPU = Release|Any CPU
	EndGlobalSection
	GlobalSection(ProjectConfigurationPlatforms) = postSolution
		{EC203FD2-09EC-486B-9640-1A3883D53B4E}.Debug|Any CPU.ActiveCfg = Debug|Any CPU
		{EC203FD2-09EC-486B-9640-1A3883D53B4E}.Debug|Any CPU.Build.0 = Debug|Any CPU
		{EC203FD2-09EC-486B-9640-1A3883D53B4E}.Release|Any CPU.ActiveCfg = Release|Any CPU
		{EC203FD2-09EC-486B-9640-1A3883D53B4E}.Release|Any CPU.Build.0 = Release|Any CPU
		{427FC06A-FE81-43D0-B4F9-550E1992D940}.Debug|Any CPU.ActiveCfg = Debug|Any CPU
		{427FC06A-FE81-43D0-B4F9-550E1992D940}.Debug|Any CPU.Build.0 = Debug|Any CPU
		{427FC06A-FE81-43D0-B4F9-550E1992D940}.Release|Any CPU.ActiveCfg = Release|Any CPU
		{427FC06A-FE81-43D0-B4F9-550E1992D940}.Release|Any CPU.Build.0 = Release|Any CPU
		{263F89A0-B49C-473E-9F34-FA58DAAC5F20}.Debug|Any CPU.ActiveCfg = Debug|Any CPU
		{263F89A0-B49C-473E-9F34-FA58DAAC5F20}.Debug|Any CPU.Build.0 = Debug|Any CPU
		{263F89A0-B49C-473E-9F34-FA58DAAC5F20}.Release|Any CPU.ActiveCfg = Release|Any CPU
		{263F89A0-B49C-473E-9F34-FA58DAAC5F20}.Release|Any CPU.Build.0 = Release|Any CPU
	EndGlobalSection
	GlobalSection(SolutionProperties) = preSolution
		HideSolutionNode = FALSE
	EndGlobalSection
	GlobalSection(ExtensibilityGlobals) = postSolution
		SolutionGuid = {85189255-F30E-4BEA-94C9-556D27929746}
	EndGlobalSection
EndGlobal
